
Microsoft Visual Studio Solution File, Format Version 12.00
# Visual Studio 15
VisualStudioVersion = 15.0.33919.361
MinimumVisualStudioVersion = 10.0.40219.1
Project("{E24C65DC-7377-472B-9ABA-BC803B73C61A}") = "Searchable Dropdown", "Searchable Dropdown\", "{6549573A-171B-4F4B-AA8C-593C3181DACC}"
	ProjectSection(WebsiteProperties) = preProject
		TargetFrameworkMoniker = ".NETFramework,Version%3Dv4.6.1"
		Debug.AspNetCompiler.VirtualPath = "/localhost_60317"
		Debug.AspNetCompiler.PhysicalPath = "Searchable Dropdown\"
		Debug.AspNetCompiler.TargetPath = "PrecompiledWeb\localhost_60317\"
		Debug.AspNetCompiler.Updateable = "true"
		Debug.AspNetCompiler.ForceOverwrite = "true"
		Debug.AspNetCompiler.FixedNames = "false"
		Debug.AspNetCompiler.Debug = "True"
		Release.AspNetCompiler.VirtualPath = "/localhost_60317"
		Release.AspNetCompiler.PhysicalPath = "Searchable Dropdown\"
		Release.AspNetCompiler.TargetPath = "PrecompiledWeb\localhost_60317\"
		Release.AspNetCompiler.Updateable = "true"
		Release.AspNetCompiler.ForceOverwrite = "true"
		Release.AspNetCompiler.FixedNames = "false"
		Release.AspNetCompiler.Debug = "False"
		VWDPort = "60317"
		SlnRelativePath = "Searchable Dropdown\"
		DefaultWebSiteLanguage = "Visual C#"
	EndProjectSection
EndProject
Global
	GlobalSection(SolutionConfigurationPlatforms) = preSolution
		Debug|Any CPU = Debug|Any CPU
	EndGlobalSection
	GlobalSection(ProjectConfigurationPlatforms) = postSolution
		{6549573A-171B-4F4B-AA8C-593C3181DACC}.Debug|Any CPU.ActiveCfg = Debug|Any CPU
		{6549573A-171B-4F4B-AA8C-593C3181DACC}.Debug|Any CPU.Build.0 = Debug|Any CPU
	EndGlobalSection
	GlobalSection(SolutionProperties) = preSolution
		HideSolutionNode = FALSE
	EndGlobalSection
	GlobalSection(ExtensibilityGlobals) = postSolution
		SolutionGuid = {C140309C-87CA-4BA2-8A57-6564EF3C80C1}
	EndGlobalSection
EndGlobal
